
Microsoft Visual Studio Solution File, Format Version 12.00
# Visual Studio Version 17
VisualStudioVersion = 17.0.31903.59
MinimumVisualStudioVersion = 10.0.40219.1
Project("{FAE04EC0-301F-11D3-BF4B-00C04F79EFBC}") = "Biblio.Domain", "Biblio.Domain\Biblio.Domain.csproj", "{204561BA-CCF1-4F0C-A424-89A7511ABAA4}"
EndProject
Project("{FAE04EC0-301F-11D3-BF4B-00C04F79EFBC}") = "MyProgramEFCore", "MyProgramEFCore\MyProgramEFCore.csproj", "{078A7F8D-3887-45CB-81FD-DCD7E0647878}"
EndProject
Project("{FAE04EC0-301F-11D3-BF4B-00C04F79EFBC}") = "BiblioManagement.Tests", "BiblioManagement.Tests\BiblioManagement.Tests.csproj", "{AC1872D0-A331-4BF0-806C-B37155B19187}"
EndProject
Project("{FAE04EC0-301F-11D3-BF4B-00C04F79EFBC}") = "MyServiceEFCore", "MyServiceEFCore\MyServiceEFCore.csproj", "{B51F3CBD-452E-4253-85A8-B418E9FFC1B2}"
EndProject
Global
	GlobalSection(SolutionConfigurationPlatforms) = preSolution
		Debug|Any CPU = Debug|Any CPU
		Debug|x64 = Debug|x64
		Debug|x86 = Debug|x86
		Release|Any CPU = Release|Any CPU
		Release|x64 = Release|x64
		Release|x86 = Release|x86
	EndGlobalSection
	GlobalSection(ProjectConfigurationPlatforms) = postSolution
		{204561BA-CCF1-4F0C-A424-89A7511ABAA4}.Debug|Any CPU.ActiveCfg = Debug|Any CPU
		{204561BA-CCF1-4F0C-A424-89A7511ABAA4}.Debug|Any CPU.Build.0 = Debug|Any CPU
		{204561BA-CCF1-4F0C-A424-89A7511ABAA4}.Debug|x64.ActiveCfg = Debug|Any CPU
		{204561BA-CCF1-4F0C-A424-89A7511ABAA4}.Debug|x64.Build.0 = Debug|Any CPU
		{204561BA-CCF1-4F0C-A424-89A7511ABAA4}.Debug|x86.ActiveCfg = Debug|Any CPU
		{204561BA-CCF1-4F0C-A424-89A7511ABAA4}.Debug|x86.Build.0 = Debug|Any CPU
		{204561BA-CCF1-4F0C-A424-89A7511ABAA4}.Release|Any CPU.ActiveCfg = Release|Any CPU
		{204561BA-CCF1-4F0C-A424-89A7511ABAA4}.Release|Any CPU.Build.0 = Release|Any CPU
		{204561BA-CCF1-4F0C-A424-89A7511ABAA4}.Release|x64.ActiveCfg = Release|Any CPU
		{204561BA-CCF1-4F0C-A424-89A7511ABAA4}.Release|x64.Build.0 = Release|Any CPU
		{204561BA-CCF1-4F0C-A424-89A7511ABAA4}.Release|x86.ActiveCfg = Release|Any CPU
		{204561BA-CCF1-4F0C-A424-89A7511ABAA4}.Release|x86.Build.0 = Release|Any CPU
		{078A7F8D-3887-45CB-81FD-DCD7E0647878}.Debug|Any CPU.ActiveCfg = Debug|Any CPU
		{078A7F8D-3887-45CB-81FD-DCD7E0647878}.Debug|Any CPU.Build.0 = Debug|Any CPU
		{078A7F8D-3887-45CB-81FD-DCD7E0647878}.Debug|x64.ActiveCfg = Debug|Any CPU
		{078A7F8D-3887-45CB-81FD-DCD7E0647878}.Debug|x64.Build.0 = Debug|Any CPU
		{078A7F8D-3887-45CB-81FD-DCD7E0647878}.Debug|x86.ActiveCfg = Debug|Any CPU
		{078A7F8D-3887-45CB-81FD-DCD7E0647878}.Debug|x86.Build.0 = Debug|Any CPU
		{078A7F8D-3887-45CB-81FD-DCD7E0647878}.Release|Any CPU.ActiveCfg = Release|Any CPU
		{078A7F8D-3887-45CB-81FD-DCD7E0647878}.Release|Any CPU.Build.0 = Release|Any CPU
		{078A7F8D-3887-45CB-81FD-DCD7E0647878}.Release|x64.ActiveCfg = Release|Any CPU
		{078A7F8D-3887-45CB-81FD-DCD7E0647878}.Release|x64.Build.0 = Release|Any CPU
		{078A7F8D-3887-45CB-81FD-DCD7E0647878}.Release|x86.ActiveCfg = Release|Any CPU
		{078A7F8D-3887-45CB-81FD-DCD7E0647878}.Release|x86.Build.0 = Release|Any CPU
		{AC1872D0-A331-4BF0-806C-B37155B19187}.Debug|Any CPU.ActiveCfg = Debug|Any CPU
		{AC1872D0-A331-4BF0-806C-B37155B19187}.Debug|Any CPU.Build.0 = Debug|Any CPU
		{AC1872D0-A331-4BF0-806C-B37155B19187}.Debug|x64.ActiveCfg = Debug|Any CPU
		{AC1872D0-A331-4BF0-806C-B37155B19187}.Debug|x64.Build.0 = Debug|Any CPU
		{AC1872D0-A331-4BF0-806C-B37155B19187}.Debug|x86.ActiveCfg = Debug|Any CPU
		{AC1872D0-A331-4BF0-806C-B37155B19187}.Debug|x86.Build.0 = Debug|Any CPU
		{AC1872D0-A331-4BF0-806C-B37155B19187}.Release|Any CPU.ActiveCfg = Release|Any CPU
		{AC1872D0-A331-4BF0-806C-B37155B19187}.Release|Any CPU.Build.0 = Release|Any CPU
		{AC1872D0-A331-4BF0-806C-B37155B19187}.Release|x64.ActiveCfg = Release|Any CPU
		{AC1872D0-A331-4BF0-806C-B37155B19187}.Release|x64.Build.0 = Release|Any CPU
		{AC1872D0-A331-4BF0-806C-B37155B19187}.Release|x86.ActiveCfg = Release|Any CPU
		{AC1872D0-A331-4BF0-806C-B37155B19187}.Release|x86.Build.0 = Release|Any CPU
		{B51F3CBD-452E-4253-85A8-B418E9FFC1B2}.Debug|Any CPU.ActiveCfg = Debug|Any CPU
		{B51F3CBD-452E-4253-85A8-B418E9FFC1B2}.Debug|Any CPU.Build.0 = Debug|Any CPU
		{B51F3CBD-452E-4253-85A8-B418E9FFC1B2}.Debug|x64.ActiveCfg = Debug|Any CPU
		{B51F3CBD-452E-4253-85A8-B418E9FFC1B2}.Debug|x64.Build.0 = Debug|Any CPU
		{B51F3CBD-452E-4253-85A8-B418E9FFC1B2}.Debug|x86.ActiveCfg = Debug|Any CPU
		{B51F3CBD-452E-4253-85A8-B418E9FFC1B2}.Debug|x86.Build.0 = Debug|Any CPU
		{B51F3CBD-452E-4253-85A8-B418E9FFC1B2}.Release|Any CPU.ActiveCfg = Release|Any CPU
		{B51F3CBD-452E-4253-85A8-B418E9FFC1B2}.Release|Any CPU.Build.0 = Release|Any CPU
		{B51F3CBD-452E-4253-85A8-B418E9FFC1B2}.Release|x64.ActiveCfg = Release|Any CPU
		{B51F3CBD-452E-4253-85A8-B418E9FFC1B2}.Release|x64.Build.0 = Release|Any CPU
		{B51F3CBD-452E-4253-85A8-B418E9FFC1B2}.Release|x86.ActiveCfg = Release|Any CPU
		{B51F3CBD-452E-4253-85A8-B418E9FFC1B2}.Release|x86.Build.0 = Release|Any CPU
	EndGlobalSection
	GlobalSection(SolutionProperties) = preSolution
		HideSolutionNode = FALSE
	EndGlobalSection
EndGlobal
